// !$*UTF8*$!
{
	archiveVersion = 1;
	classes = {
	};
	objectVersion = 52;
	objects = {

/* Begin PBXBuildFile section */
		080B868629BF51B40083D0FA /* PaymentService.swift in Sources */ = {isa = PBXBuildFile; fileRef = 080B868529BF51B40083D0FA /* PaymentService.swift */; };
		080B868829BF525E0083D0FA /* NullPaymentService.swift in Sources */ = {isa = PBXBuildFile; fileRef = 080B868729BF525E0083D0FA /* NullPaymentService.swift */; };
		080B868929BF5F730083D0FA /* PaymentSceneAnalyticsDecorators.swift in Sources */ = {isa = PBXBuildFile; fileRef = 080B868329BF4FF10083D0FA /* PaymentSceneAnalyticsDecorators.swift */; };
		080B868E29BF63E50083D0FA /* PaymentSceneAnalyticsTests.swift in Sources */ = {isa = PBXBuildFile; fileRef = 080B868D29BF63E50083D0FA /* PaymentSceneAnalyticsTests.swift */; };
		080B869229BF71B30083D0FA /* UIControl+Extensions.swift in Sources */ = {isa = PBXBuildFile; fileRef = 080B869129BF71B30083D0FA /* UIControl+Extensions.swift */; };
		080B869429BF71C70083D0FA /* UIButton+Extensions.swift in Sources */ = {isa = PBXBuildFile; fileRef = 080B869329BF71C70083D0FA /* UIButton+Extensions.swift */; };
		080B869829BFC3F20083D0FA /* CartSceneAnalyticsTests.swift in Sources */ = {isa = PBXBuildFile; fileRef = 080B869729BFC3F20083D0FA /* CartSceneAnalyticsTests.swift */; };
		080B869B29BFC4FD0083D0FA /* ViewOutputs+Extensions.swift in Sources */ = {isa = PBXBuildFile; fileRef = 080B869A29BFC4FD0083D0FA /* ViewOutputs+Extensions.swift */; };
		080B86A029BFCB010083D0FA /* CartSceneAnalyticsDecorators.swift in Sources */ = {isa = PBXBuildFile; fileRef = 080B869F29BFCB010083D0FA /* CartSceneAnalyticsDecorators.swift */; };
		08137858257A626300FFE4AE /* CartRemoteService.swift in Sources */ = {isa = PBXBuildFile; fileRef = 08137857257A626300FFE4AE /* CartRemoteService.swift */; };
		08209C86257169DB00FE51F5 /* AppDelegate.swift in Sources */ = {isa = PBXBuildFile; fileRef = 08209C85257169DB00FE51F5 /* AppDelegate.swift */; };
		08209C88257169DB00FE51F5 /* SceneDelegate.swift in Sources */ = {isa = PBXBuildFile; fileRef = 08209C87257169DB00FE51F5 /* SceneDelegate.swift */; };
		08209C8A257169DB00FE51F5 /* CartViewController.swift in Sources */ = {isa = PBXBuildFile; fileRef = 08209C89257169DB00FE51F5 /* CartViewController.swift */; };
		08209C8F257169DE00FE51F5 /* Assets.xcassets in Resources */ = {isa = PBXBuildFile; fileRef = 08209C8E257169DE00FE51F5 /* Assets.xcassets */; };
		08209C92257169DE00FE51F5 /* LaunchScreen.storyboard in Resources */ = {isa = PBXBuildFile; fileRef = 08209C90257169DE00FE51F5 /* LaunchScreen.storyboard */; };
		08209CCA25716CFA00FE51F5 /* AppCoordinator.swift in Sources */ = {isa = PBXBuildFile; fileRef = 08209CC925716CFA00FE51F5 /* AppCoordinator.swift */; };
		08209CD525716D5700FE51F5 /* CartComposer.swift in Sources */ = {isa = PBXBuildFile; fileRef = 08209CD425716D5700FE51F5 /* CartComposer.swift */; };
		08209CEA25716F1E00FE51F5 /* UIViewController+Extensions.swift in Sources */ = {isa = PBXBuildFile; fileRef = 08209CE925716F1E00FE51F5 /* UIViewController+Extensions.swift */; };
		0839E6A2257A7B05006FB959 /* PaymentPresenter.swift in Sources */ = {isa = PBXBuildFile; fileRef = 0839E6A1257A7B05006FB959 /* PaymentPresenter.swift */; };
		0839E6A7257A7B9A006FB959 /* ViewOutputs.swift in Sources */ = {isa = PBXBuildFile; fileRef = 0839E6A6257A7B9A006FB959 /* ViewOutputs.swift */; };
		083B88C9257A84240073140C /* FacebookAnalyticsService.swift in Sources */ = {isa = PBXBuildFile; fileRef = 083B88C8257A84240073140C /* FacebookAnalyticsService.swift */; };
		083B88CD257A87720073140C /* CompositeTracker.swift in Sources */ = {isa = PBXBuildFile; fileRef = 083B88CC257A87720073140C /* CompositeTracker.swift */; };
		083B88D3257ACED20073140C /* UIAlertController+Extensions.swift in Sources */ = {isa = PBXBuildFile; fileRef = 083B88D2257ACED20073140C /* UIAlertController+Extensions.swift */; };
		083B88D7257ACF090073140C /* Types.swift in Sources */ = {isa = PBXBuildFile; fileRef = 083B88D6257ACF090073140C /* Types.swift */; };
		083D8F612577D989006F9794 /* CartTests.swift in Sources */ = {isa = PBXBuildFile; fileRef = 083D8F602577D989006F9794 /* CartTests.swift */; };
		084AAA6A257E9BCF00DE7EE1 /* NSLocalizer.swift in Sources */ = {isa = PBXBuildFile; fileRef = 084AAA69257E9BCF00DE7EE1 /* NSLocalizer.swift */; };
		084AAA6E257E9EAB00DE7EE1 /* TitledView.swift in Sources */ = {isa = PBXBuildFile; fileRef = 084AAA6D257E9EAB00DE7EE1 /* TitledView.swift */; };
		084AAA75257F924700DE7EE1 /* LocalizerStub.swift in Sources */ = {isa = PBXBuildFile; fileRef = 084AAA74257F924700DE7EE1 /* LocalizerStub.swift */; };
		084AAA83257FA1F800DE7EE1 /* LocalizerTests.swift in Sources */ = {isa = PBXBuildFile; fileRef = 084AAA82257FA1F800DE7EE1 /* LocalizerTests.swift */; };
		084AAA87257FEC2F00DE7EE1 /* LoadableView.swift in Sources */ = {isa = PBXBuildFile; fileRef = 084AAA86257FEC2F00DE7EE1 /* LoadableView.swift */; };
		084AAA91257FF55100DE7EE1 /* LoadableTableViewController.swift in Sources */ = {isa = PBXBuildFile; fileRef = 084AAA90257FF55100DE7EE1 /* LoadableTableViewController.swift */; };
		086BB751257E4C2200249899 /* AlertingView.swift in Sources */ = {isa = PBXBuildFile; fileRef = 086BB750257E4C2200249899 /* AlertingView.swift */; };
		086BB757257E4F5400249899 /* AlertingView+UIViewController.swift in Sources */ = {isa = PBXBuildFile; fileRef = 086BB756257E4F5300249899 /* AlertingView+UIViewController.swift */; };
		086BB764257E5DC600249899 /* UnitTestingEnvironment.swift in Sources */ = {isa = PBXBuildFile; fileRef = 086BB763257E5DC600249899 /* UnitTestingEnvironment.swift */; };
		086BB76D257E60DB00249899 /* FirebaseAnalyticsServiceStub.swift in Sources */ = {isa = PBXBuildFile; fileRef = 086BB76C257E60DB00249899 /* FirebaseAnalyticsServiceStub.swift */; };
		086BB773257E61CA00249899 /* FacebookAnalyticsServiceStub.swift in Sources */ = {isa = PBXBuildFile; fileRef = 086BB772257E61CA00249899 /* FacebookAnalyticsServiceStub.swift */; };
		086BB778257E685D00249899 /* PaymentPresenterTests.swift in Sources */ = {isa = PBXBuildFile; fileRef = 086BB777257E685D00249899 /* PaymentPresenterTests.swift */; };
		086BB77F257E6AA100249899 /* AlertingViewSpy.swift in Sources */ = {isa = PBXBuildFile; fileRef = 086BB77E257E6AA100249899 /* AlertingViewSpy.swift */; };
		0877A06C2571B2BD00A69E02 /* CartPresenter.swift in Sources */ = {isa = PBXBuildFile; fileRef = 0877A06B2571B2BD00A69E02 /* CartPresenter.swift */; };
		0878FEEC2579246E007E037E /* MobileShopAPIClient.swift in Sources */ = {isa = PBXBuildFile; fileRef = 0878FEEB2579246E007E037E /* MobileShopAPIClient.swift */; };
		0878FEF0257924B9007E037E /* URLSessionMobileShopAPIClient.swift in Sources */ = {isa = PBXBuildFile; fileRef = 0878FEEF257924B9007E037E /* URLSessionMobileShopAPIClient.swift */; };
		0878FEF425792592007E037E /* MobileShopRemoteStore.swift in Sources */ = {isa = PBXBuildFile; fileRef = 0878FEF325792592007E037E /* MobileShopRemoteStore.swift */; };
		0878FF0025792B0C007E037E /* DiscountsRemoteStore.swift in Sources */ = {isa = PBXBuildFile; fileRef = 0878FEFF25792B0C007E037E /* DiscountsRemoteStore.swift */; };
		0878FF0A25792DCC007E037E /* PaymentViewController.swift in Sources */ = {isa = PBXBuildFile; fileRef = 0878FF0925792DCC007E037E /* PaymentViewController.swift */; };
		0878FF0E25792DDB007E037E /* Payment.storyboard in Resources */ = {isa = PBXBuildFile; fileRef = 0878FF0D25792DDB007E037E /* Payment.storyboard */; };
		0878FF1225792E50007E037E /* PaymentComposer.swift in Sources */ = {isa = PBXBuildFile; fileRef = 0878FF1125792E50007E037E /* PaymentComposer.swift */; };
		0878FF1825792F73007E037E /* CartCoordinator.swift in Sources */ = {isa = PBXBuildFile; fileRef = 0878FF1725792F73007E037E /* CartCoordinator.swift */; };
		0878FF2A257948D6007E037E /* PaymentCoordinator.swift in Sources */ = {isa = PBXBuildFile; fileRef = 0878FF29257948D6007E037E /* PaymentCoordinator.swift */; };
		0878FF31257979EA007E037E /* CartRemoteServiceTests.swift in Sources */ = {isa = PBXBuildFile; fileRef = 0878FF30257979EA007E037E /* CartRemoteServiceTests.swift */; };
		0878FF3D25798CBD007E037E /* CartPresenterTests.swift in Sources */ = {isa = PBXBuildFile; fileRef = 0878FF3C25798CBD007E037E /* CartPresenterTests.swift */; };
		0878FF46257996D9007E037E /* SceneTracking.swift in Sources */ = {isa = PBXBuildFile; fileRef = 0878FF45257996D9007E037E /* SceneTracking.swift */; };
		0878FF4C257A5327007E037E /* FirebaseAnalyticsService.swift in Sources */ = {isa = PBXBuildFile; fileRef = 0878FF4B257A5327007E037E /* FirebaseAnalyticsService.swift */; };
		087AC83625756391006FF4E6 /* CartItemView.swift in Sources */ = {isa = PBXBuildFile; fileRef = 087AC83525756391006FF4E6 /* CartItemView.swift */; };
		087AC83E257563DE006FF4E6 /* CartItemView.xib in Resources */ = {isa = PBXBuildFile; fileRef = 087AC83D257563DE006FF4E6 /* CartItemView.xib */; };
		087AC8442575646C006FF4E6 /* NibView.swift in Sources */ = {isa = PBXBuildFile; fileRef = 087AC8432575646C006FF4E6 /* NibView.swift */; };
		087AC85725756B76006FF4E6 /* CartItemTableViewCell.swift in Sources */ = {isa = PBXBuildFile; fileRef = 087AC85625756B76006FF4E6 /* CartItemTableViewCell.swift */; };
		087AC85C25756BAE006FF4E6 /* UIView+LayoutConstraints.swift in Sources */ = {isa = PBXBuildFile; fileRef = 087AC85B25756BAE006FF4E6 /* UIView+LayoutConstraints.swift */; };
		087AC86425765A49006FF4E6 /* UIScreen+Extensions.swift in Sources */ = {isa = PBXBuildFile; fileRef = 087AC86325765A49006FF4E6 /* UIScreen+Extensions.swift */; };
		087AC869257662E6006FF4E6 /* CartLoading.swift in Sources */ = {isa = PBXBuildFile; fileRef = 087AC868257662E6006FF4E6 /* CartLoading.swift */; };
		087AC87125766310006FF4E6 /* Cart.swift in Sources */ = {isa = PBXBuildFile; fileRef = 087AC87025766310006FF4E6 /* Cart.swift */; };
		087AC876257663DE006FF4E6 /* Discount.swift in Sources */ = {isa = PBXBuildFile; fileRef = 087AC875257663DE006FF4E6 /* Discount.swift */; };
		087AC87B257663EC006FF4E6 /* ProductCartItem.swift in Sources */ = {isa = PBXBuildFile; fileRef = 087AC87A257663EC006FF4E6 /* ProductCartItem.swift */; };
		087AC880257663FF006FF4E6 /* Product.swift in Sources */ = {isa = PBXBuildFile; fileRef = 087AC87F257663FF006FF4E6 /* Product.swift */; };
		087AC890257666AB006FF4E6 /* CartRemoteStore.swift in Sources */ = {isa = PBXBuildFile; fileRef = 087AC88F257666AB006FF4E6 /* CartRemoteStore.swift */; };
		087AC8A12576677B006FF4E6 /* ProductsRemoteStore.swift in Sources */ = {isa = PBXBuildFile; fileRef = 087AC8A02576677B006FF4E6 /* ProductsRemoteStore.swift */; };
		0888AC0F29BA37AF00E0E9F4 /* WeakReferenceProxy.swift in Sources */ = {isa = PBXBuildFile; fileRef = 0888AC0E29BA37AF00E0E9F4 /* WeakReferenceProxy.swift */; };
		0888AC1229BBE0F500E0E9F4 /* LocalizerTests.strings in Resources */ = {isa = PBXBuildFile; fileRef = 0888AC1129BBE0F500E0E9F4 /* LocalizerTests.strings */; };
		0888AC1729BBE1F700E0E9F4 /* Cart.strings in Resources */ = {isa = PBXBuildFile; fileRef = 0888AC1929BBE1F700E0E9F4 /* Cart.strings */; };
		0888AC1A29BBE1FF00E0E9F4 /* Payment.strings in Resources */ = {isa = PBXBuildFile; fileRef = 0888AC1C29BBE1FF00E0E9F4 /* Payment.strings */; };
		0888AC1E29BBEB4000E0E9F4 /* Localizing.swift in Sources */ = {isa = PBXBuildFile; fileRef = 0888AC1D29BBEB4000E0E9F4 /* Localizing.swift */; };
		088D502C25CB60A50073E046 /* Cart.storyboard in Resources */ = {isa = PBXBuildFile; fileRef = 088D502B25CB60A50073E046 /* Cart.storyboard */; };
		089C72E3299CDDD000986B97 /* FirebaseAnalyticsWithoutAdIdSupport in Frameworks */ = {isa = PBXBuildFile; productRef = 089C72E2299CDDD000986B97 /* FirebaseAnalyticsWithoutAdIdSupport */; };
		089C72E6299CDE6C00986B97 /* FacebookCore in Frameworks */ = {isa = PBXBuildFile; productRef = 089C72E5299CDE6C00986B97 /* FacebookCore */; };
		089CC10B25EBC1FA002963B9 /* CartRules.swift in Sources */ = {isa = PBXBuildFile; fileRef = 089CC10A25EBC1FA002963B9 /* CartRules.swift */; };
		08CE88F725790D1600BEE7EF /* fake-api.json in Resources */ = {isa = PBXBuildFile; fileRef = 08CE88F625790D1600BEE7EF /* fake-api.json */; };
		08FF955225812BC00095A408 /* FirebaseTracker.swift in Sources */ = {isa = PBXBuildFile; fileRef = 08FF955125812BC00095A408 /* FirebaseTracker.swift */; };
		08FF955625812BDE0095A408 /* FacebookTracker.swift in Sources */ = {isa = PBXBuildFile; fileRef = 08FF955525812BDE0095A408 /* FacebookTracker.swift */; };
		08FF95732581428D0095A408 /* UITableViewCell+Extensions.swift in Sources */ = {isa = PBXBuildFile; fileRef = 08FF95722581428D0095A408 /* UITableViewCell+Extensions.swift */; };
/* End PBXBuildFile section */

/* Begin PBXContainerItemProxy section */
		08209C99257169DF00FE51F5 /* PBXContainerItemProxy */ = {
			isa = PBXContainerItemProxy;
			containerPortal = 08209C7A257169DB00FE51F5 /* Project object */;
			proxyType = 1;
			remoteGlobalIDString = 08209C81257169DB00FE51F5;
			remoteInfo = MobileShop;
		};
/* End PBXContainerItemProxy section */

/* Begin PBXFileReference section */
		080B868329BF4FF10083D0FA /* PaymentSceneAnalyticsDecorators.swift */ = {isa = PBXFileReference; lastKnownFileType = sourcecode.swift; path = PaymentSceneAnalyticsDecorators.swift; sourceTree = "<group>"; };
		080B868529BF51B40083D0FA /* PaymentService.swift */ = {isa = PBXFileReference; lastKnownFileType = sourcecode.swift; path = PaymentService.swift; sourceTree = "<group>"; };
		080B868729BF525E0083D0FA /* NullPaymentService.swift */ = {isa = PBXFileReference; lastKnownFileType = sourcecode.swift; path = NullPaymentService.swift; sourceTree = "<group>"; };
		080B868D29BF63E50083D0FA /* PaymentSceneAnalyticsTests.swift */ = {isa = PBXFileReference; lastKnownFileType = sourcecode.swift; path = PaymentSceneAnalyticsTests.swift; sourceTree = "<group>"; };
		080B869129BF71B30083D0FA /* UIControl+Extensions.swift */ = {isa = PBXFileReference; lastKnownFileType = sourcecode.swift; path = "UIControl+Extensions.swift"; sourceTree = "<group>"; };
		080B869329BF71C70083D0FA /* UIButton+Extensions.swift */ = {isa = PBXFileReference; lastKnownFileType = sourcecode.swift; path = "UIButton+Extensions.swift"; sourceTree = "<group>"; };
		080B869729BFC3F20083D0FA /* CartSceneAnalyticsTests.swift */ = {isa = PBXFileReference; lastKnownFileType = sourcecode.swift; path = CartSceneAnalyticsTests.swift; sourceTree = "<group>"; };
		080B869A29BFC4FD0083D0FA /* ViewOutputs+Extensions.swift */ = {isa = PBXFileReference; lastKnownFileType = sourcecode.swift; path = "ViewOutputs+Extensions.swift"; sourceTree = "<group>"; };
		080B869F29BFCB010083D0FA /* CartSceneAnalyticsDecorators.swift */ = {isa = PBXFileReference; lastKnownFileType = sourcecode.swift; path = CartSceneAnalyticsDecorators.swift; sourceTree = "<group>"; };
		08137857257A626300FFE4AE /* CartRemoteService.swift */ = {isa = PBXFileReference; lastKnownFileType = sourcecode.swift; path = CartRemoteService.swift; sourceTree = "<group>"; };
		08209C82257169DB00FE51F5 /* MobileShop.app */ = {isa = PBXFileReference; explicitFileType = wrapper.application; includeInIndex = 0; path = MobileShop.app; sourceTree = BUILT_PRODUCTS_DIR; };
		08209C85257169DB00FE51F5 /* AppDelegate.swift */ = {isa = PBXFileReference; lastKnownFileType = sourcecode.swift; path = AppDelegate.swift; sourceTree = "<group>"; };
		08209C87257169DB00FE51F5 /* SceneDelegate.swift */ = {isa = PBXFileReference; lastKnownFileType = sourcecode.swift; path = SceneDelegate.swift; sourceTree = "<group>"; };
		08209C89257169DB00FE51F5 /* CartViewController.swift */ = {isa = PBXFileReference; lastKnownFileType = sourcecode.swift; path = CartViewController.swift; sourceTree = "<group>"; };
		08209C8E257169DE00FE51F5 /* Assets.xcassets */ = {isa = PBXFileReference; lastKnownFileType = folder.assetcatalog; path = Assets.xcassets; sourceTree = "<group>"; };
		08209C91257169DE00FE51F5 /* Base */ = {isa = PBXFileReference; lastKnownFileType = file.storyboard; name = Base; path = Base.lproj/LaunchScreen.storyboard; sourceTree = "<group>"; };
		08209C93257169DE00FE51F5 /* Info.plist */ = {isa = PBXFileReference; lastKnownFileType = text.plist.xml; path = Info.plist; sourceTree = "<group>"; };
		08209C98257169DF00FE51F5 /* MobileShopTests.xctest */ = {isa = PBXFileReference; explicitFileType = wrapper.cfbundle; includeInIndex = 0; path = MobileShopTests.xctest; sourceTree = BUILT_PRODUCTS_DIR; };
		08209C9E257169DF00FE51F5 /* Info.plist */ = {isa = PBXFileReference; lastKnownFileType = text.plist.xml; path = Info.plist; sourceTree = "<group>"; };
		08209CC925716CFA00FE51F5 /* AppCoordinator.swift */ = {isa = PBXFileReference; fileEncoding = 4; lastKnownFileType = sourcecode.swift; path = AppCoordinator.swift; sourceTree = "<group>"; };
		08209CD425716D5700FE51F5 /* CartComposer.swift */ = {isa = PBXFileReference; lastKnownFileType = sourcecode.swift; path = CartComposer.swift; sourceTree = "<group>"; };
		08209CE925716F1E00FE51F5 /* UIViewController+Extensions.swift */ = {isa = PBXFileReference; fileEncoding = 4; lastKnownFileType = sourcecode.swift; path = "UIViewController+Extensions.swift"; sourceTree = "<group>"; };
		0839E6A1257A7B05006FB959 /* PaymentPresenter.swift */ = {isa = PBXFileReference; lastKnownFileType = sourcecode.swift; path = PaymentPresenter.swift; sourceTree = "<group>"; };
		0839E6A6257A7B9A006FB959 /* ViewOutputs.swift */ = {isa = PBXFileReference; lastKnownFileType = sourcecode.swift; path = ViewOutputs.swift; sourceTree = "<group>"; };
		083B88C8257A84240073140C /* FacebookAnalyticsService.swift */ = {isa = PBXFileReference; lastKnownFileType = sourcecode.swift; path = FacebookAnalyticsService.swift; sourceTree = "<group>"; };
		083B88CC257A87720073140C /* CompositeTracker.swift */ = {isa = PBXFileReference; lastKnownFileType = sourcecode.swift; path = CompositeTracker.swift; sourceTree = "<group>"; };
		083B88D2257ACED20073140C /* UIAlertController+Extensions.swift */ = {isa = PBXFileReference; lastKnownFileType = sourcecode.swift; path = "UIAlertController+Extensions.swift"; sourceTree = "<group>"; };
		083B88D6257ACF090073140C /* Types.swift */ = {isa = PBXFileReference; lastKnownFileType = sourcecode.swift; path = Types.swift; sourceTree = "<group>"; };
		083D8F602577D989006F9794 /* CartTests.swift */ = {isa = PBXFileReference; lastKnownFileType = sourcecode.swift; path = CartTests.swift; sourceTree = "<group>"; };
		084AAA69257E9BCF00DE7EE1 /* NSLocalizer.swift */ = {isa = PBXFileReference; lastKnownFileType = sourcecode.swift; path = NSLocalizer.swift; sourceTree = "<group>"; };
		084AAA6D257E9EAB00DE7EE1 /* TitledView.swift */ = {isa = PBXFileReference; lastKnownFileType = sourcecode.swift; path = TitledView.swift; sourceTree = "<group>"; };
		084AAA74257F924700DE7EE1 /* LocalizerStub.swift */ = {isa = PBXFileReference; lastKnownFileType = sourcecode.swift; path = LocalizerStub.swift; sourceTree = "<group>"; };
		084AAA82257FA1F800DE7EE1 /* LocalizerTests.swift */ = {isa = PBXFileReference; lastKnownFileType = sourcecode.swift; path = LocalizerTests.swift; sourceTree = "<group>"; };
		084AAA86257FEC2F00DE7EE1 /* LoadableView.swift */ = {isa = PBXFileReference; lastKnownFileType = sourcecode.swift; path = LoadableView.swift; sourceTree = "<group>"; };
		084AAA90257FF55100DE7EE1 /* LoadableTableViewController.swift */ = {isa = PBXFileReference; lastKnownFileType = sourcecode.swift; path = LoadableTableViewController.swift; sourceTree = "<group>"; };
		086BB750257E4C2200249899 /* AlertingView.swift */ = {isa = PBXFileReference; lastKnownFileType = sourcecode.swift; path = AlertingView.swift; sourceTree = "<group>"; };
		086BB756257E4F5300249899 /* AlertingView+UIViewController.swift */ = {isa = PBXFileReference; lastKnownFileType = sourcecode.swift; path = "AlertingView+UIViewController.swift"; sourceTree = "<group>"; };
		086BB763257E5DC600249899 /* UnitTestingEnvironment.swift */ = {isa = PBXFileReference; lastKnownFileType = sourcecode.swift; path = UnitTestingEnvironment.swift; sourceTree = "<group>"; };
		086BB76C257E60DB00249899 /* FirebaseAnalyticsServiceStub.swift */ = {isa = PBXFileReference; lastKnownFileType = sourcecode.swift; path = FirebaseAnalyticsServiceStub.swift; sourceTree = "<group>"; };
		086BB772257E61CA00249899 /* FacebookAnalyticsServiceStub.swift */ = {isa = PBXFileReference; lastKnownFileType = sourcecode.swift; path = FacebookAnalyticsServiceStub.swift; sourceTree = "<group>"; };
		086BB777257E685D00249899 /* PaymentPresenterTests.swift */ = {isa = PBXFileReference; lastKnownFileType = sourcecode.swift; path = PaymentPresenterTests.swift; sourceTree = "<group>"; };
		086BB77E257E6AA100249899 /* AlertingViewSpy.swift */ = {isa = PBXFileReference; lastKnownFileType = sourcecode.swift; path = AlertingViewSpy.swift; sourceTree = "<group>"; };
		0877A06B2571B2BD00A69E02 /* CartPresenter.swift */ = {isa = PBXFileReference; lastKnownFileType = sourcecode.swift; path = CartPresenter.swift; sourceTree = "<group>"; };
		0878FEEB2579246E007E037E /* MobileShopAPIClient.swift */ = {isa = PBXFileReference; lastKnownFileType = sourcecode.swift; path = MobileShopAPIClient.swift; sourceTree = "<group>"; };
		0878FEEF257924B9007E037E /* URLSessionMobileShopAPIClient.swift */ = {isa = PBXFileReference; lastKnownFileType = sourcecode.swift; path = URLSessionMobileShopAPIClient.swift; sourceTree = "<group>"; };
		0878FEF325792592007E037E /* MobileShopRemoteStore.swift */ = {isa = PBXFileReference; lastKnownFileType = sourcecode.swift; path = MobileShopRemoteStore.swift; sourceTree = "<group>"; };
		0878FEFF25792B0C007E037E /* DiscountsRemoteStore.swift */ = {isa = PBXFileReference; lastKnownFileType = sourcecode.swift; path = DiscountsRemoteStore.swift; sourceTree = "<group>"; };
		0878FF0925792DCC007E037E /* PaymentViewController.swift */ = {isa = PBXFileReference; lastKnownFileType = sourcecode.swift; path = PaymentViewController.swift; sourceTree = "<group>"; };
		0878FF0D25792DDB007E037E /* Payment.storyboard */ = {isa = PBXFileReference; lastKnownFileType = file.storyboard; path = Payment.storyboard; sourceTree = "<group>"; };
		0878FF1125792E50007E037E /* PaymentComposer.swift */ = {isa = PBXFileReference; lastKnownFileType = sourcecode.swift; path = PaymentComposer.swift; sourceTree = "<group>"; };
		0878FF1725792F73007E037E /* CartCoordinator.swift */ = {isa = PBXFileReference; lastKnownFileType = sourcecode.swift; path = CartCoordinator.swift; sourceTree = "<group>"; };
		0878FF29257948D6007E037E /* PaymentCoordinator.swift */ = {isa = PBXFileReference; lastKnownFileType = sourcecode.swift; path = PaymentCoordinator.swift; sourceTree = "<group>"; };
		0878FF30257979EA007E037E /* CartRemoteServiceTests.swift */ = {isa = PBXFileReference; lastKnownFileType = sourcecode.swift; path = CartRemoteServiceTests.swift; sourceTree = "<group>"; };
		0878FF3C25798CBD007E037E /* CartPresenterTests.swift */ = {isa = PBXFileReference; lastKnownFileType = sourcecode.swift; path = CartPresenterTests.swift; sourceTree = "<group>"; };
		0878FF45257996D9007E037E /* SceneTracking.swift */ = {isa = PBXFileReference; lastKnownFileType = sourcecode.swift; path = SceneTracking.swift; sourceTree = "<group>"; };
		0878FF4B257A5327007E037E /* FirebaseAnalyticsService.swift */ = {isa = PBXFileReference; lastKnownFileType = sourcecode.swift; path = FirebaseAnalyticsService.swift; sourceTree = "<group>"; };
		087AC83525756391006FF4E6 /* CartItemView.swift */ = {isa = PBXFileReference; lastKnownFileType = sourcecode.swift; path = CartItemView.swift; sourceTree = "<group>"; };
		087AC83D257563DE006FF4E6 /* CartItemView.xib */ = {isa = PBXFileReference; lastKnownFileType = file.xib; path = CartItemView.xib; sourceTree = "<group>"; };
		087AC8432575646C006FF4E6 /* NibView.swift */ = {isa = PBXFileReference; lastKnownFileType = sourcecode.swift; path = NibView.swift; sourceTree = "<group>"; };
		087AC85625756B76006FF4E6 /* CartItemTableViewCell.swift */ = {isa = PBXFileReference; lastKnownFileType = sourcecode.swift; path = CartItemTableViewCell.swift; sourceTree = "<group>"; };
		087AC85B25756BAE006FF4E6 /* UIView+LayoutConstraints.swift */ = {isa = PBXFileReference; lastKnownFileType = sourcecode.swift; path = "UIView+LayoutConstraints.swift"; sourceTree = "<group>"; };
		087AC86325765A49006FF4E6 /* UIScreen+Extensions.swift */ = {isa = PBXFileReference; lastKnownFileType = sourcecode.swift; path = "UIScreen+Extensions.swift"; sourceTree = "<group>"; };
		087AC868257662E6006FF4E6 /* CartLoading.swift */ = {isa = PBXFileReference; lastKnownFileType = sourcecode.swift; path = CartLoading.swift; sourceTree = "<group>"; };
		087AC87025766310006FF4E6 /* Cart.swift */ = {isa = PBXFileReference; lastKnownFileType = sourcecode.swift; path = Cart.swift; sourceTree = "<group>"; };
		087AC875257663DE006FF4E6 /* Discount.swift */ = {isa = PBXFileReference; lastKnownFileType = sourcecode.swift; path = Discount.swift; sourceTree = "<group>"; };
		087AC87A257663EC006FF4E6 /* ProductCartItem.swift */ = {isa = PBXFileReference; lastKnownFileType = sourcecode.swift; path = ProductCartItem.swift; sourceTree = "<group>"; };
		087AC87F257663FF006FF4E6 /* Product.swift */ = {isa = PBXFileReference; lastKnownFileType = sourcecode.swift; path = Product.swift; sourceTree = "<group>"; };
		087AC88F257666AB006FF4E6 /* CartRemoteStore.swift */ = {isa = PBXFileReference; lastKnownFileType = sourcecode.swift; path = CartRemoteStore.swift; sourceTree = "<group>"; };
		087AC8A02576677B006FF4E6 /* ProductsRemoteStore.swift */ = {isa = PBXFileReference; lastKnownFileType = sourcecode.swift; path = ProductsRemoteStore.swift; sourceTree = "<group>"; };
		0888AC0E29BA37AF00E0E9F4 /* WeakReferenceProxy.swift */ = {isa = PBXFileReference; fileEncoding = 4; lastKnownFileType = sourcecode.swift; path = WeakReferenceProxy.swift; sourceTree = "<group>"; };
		0888AC1129BBE0F500E0E9F4 /* LocalizerTests.strings */ = {isa = PBXFileReference; lastKnownFileType = text.plist.strings; path = LocalizerTests.strings; sourceTree = "<group>"; };
		0888AC1829BBE1F700E0E9F4 /* en */ = {isa = PBXFileReference; lastKnownFileType = text.plist.strings; name = en; path = en.lproj/Cart.strings; sourceTree = "<group>"; };
		0888AC1B29BBE1FF00E0E9F4 /* en */ = {isa = PBXFileReference; lastKnownFileType = text.plist.strings; name = en; path = en.lproj/Payment.strings; sourceTree = "<group>"; };
		0888AC1D29BBEB4000E0E9F4 /* Localizing.swift */ = {isa = PBXFileReference; lastKnownFileType = sourcecode.swift; path = Localizing.swift; sourceTree = "<group>"; };
		088D502B25CB60A50073E046 /* Cart.storyboard */ = {isa = PBXFileReference; fileEncoding = 4; lastKnownFileType = file.storyboard; path = Cart.storyboard; sourceTree = "<group>"; };
		089CC10A25EBC1FA002963B9 /* CartRules.swift */ = {isa = PBXFileReference; lastKnownFileType = sourcecode.swift; path = CartRules.swift; sourceTree = "<group>"; };
		08CE88F625790D1600BEE7EF /* fake-api.json */ = {isa = PBXFileReference; lastKnownFileType = text.json; path = "fake-api.json"; sourceTree = "<group>"; };
		08FF955125812BC00095A408 /* FirebaseTracker.swift */ = {isa = PBXFileReference; lastKnownFileType = sourcecode.swift; path = FirebaseTracker.swift; sourceTree = "<group>"; };
		08FF955525812BDE0095A408 /* FacebookTracker.swift */ = {isa = PBXFileReference; lastKnownFileType = sourcecode.swift; path = FacebookTracker.swift; sourceTree = "<group>"; };
		08FF95722581428D0095A408 /* UITableViewCell+Extensions.swift */ = {isa = PBXFileReference; lastKnownFileType = sourcecode.swift; path = "UITableViewCell+Extensions.swift"; sourceTree = "<group>"; };
/* End PBXFileReference section */

/* Begin PBXFrameworksBuildPhase section */
		08209C7F257169DB00FE51F5 /* Frameworks */ = {
			isa = PBXFrameworksBuildPhase;
			buildActionMask = 2147483647;
			files = (
				089C72E3299CDDD000986B97 /* FirebaseAnalyticsWithoutAdIdSupport in Frameworks */,
				089C72E6299CDE6C00986B97 /* FacebookCore in Frameworks */,
			);
			runOnlyForDeploymentPostprocessing = 0;
		};
		08209C95257169DF00FE51F5 /* Frameworks */ = {
			isa = PBXFrameworksBuildPhase;
			buildActionMask = 2147483647;
			files = (
			);
			runOnlyForDeploymentPostprocessing = 0;
		};
/* End PBXFrameworksBuildPhase section */

/* Begin PBXGroup section */
		080B868129BF4FB00083D0FA /* Analytics */ = {
			isa = PBXGroup;
			children = (
				080B869C29BFCAD50083D0FA /* Cart */,
				080B868229BF4FD10083D0FA /* Payment */,
			);
			path = Analytics;
			sourceTree = "<group>";
		};
		080B868229BF4FD10083D0FA /* Payment */ = {
			isa = PBXGroup;
			children = (
				080B868329BF4FF10083D0FA /* PaymentSceneAnalyticsDecorators.swift */,
			);
			path = Payment;
			sourceTree = "<group>";
		};
		080B868A29BF635D0083D0FA /* CompositionRoot */ = {
			isa = PBXGroup;
			children = (
				080B868B29BF63910083D0FA /* Analytics */,
			);
			path = CompositionRoot;
			sourceTree = "<group>";
		};
		080B868B29BF63910083D0FA /* Analytics */ = {
			isa = PBXGroup;
			children = (
				080B869629BFC3DE0083D0FA /* Cart */,
				080B868C29BF639A0083D0FA /* Payment */,
			);
			path = Analytics;
			sourceTree = "<group>";
		};
		080B868C29BF639A0083D0FA /* Payment */ = {
			isa = PBXGroup;
			children = (
				080B868D29BF63E50083D0FA /* PaymentSceneAnalyticsTests.swift */,
			);
			path = Payment;
			sourceTree = "<group>";
		};
		080B868F29BF71910083D0FA /* Infrastructure */ = {
			isa = PBXGroup;
			children = (
				080B869029BF71A20083D0FA /* UIKit */,
			);
			path = Infrastructure;
			sourceTree = "<group>";
		};
		080B869029BF71A20083D0FA /* UIKit */ = {
			isa = PBXGroup;
			children = (
				080B869129BF71B30083D0FA /* UIControl+Extensions.swift */,
				080B869329BF71C70083D0FA /* UIButton+Extensions.swift */,
			);
			path = UIKit;
			sourceTree = "<group>";
		};
		080B869629BFC3DE0083D0FA /* Cart */ = {
			isa = PBXGroup;
			children = (
				080B869729BFC3F20083D0FA /* CartSceneAnalyticsTests.swift */,
			);
			path = Cart;
			sourceTree = "<group>";
		};
		080B869C29BFCAD50083D0FA /* Cart */ = {
			isa = PBXGroup;
			children = (
				080B869F29BFCB010083D0FA /* CartSceneAnalyticsDecorators.swift */,
			);
			path = Cart;
			sourceTree = "<group>";
		};
		08209C79257169DB00FE51F5 = {
			isa = PBXGroup;
			children = (
				08209C84257169DB00FE51F5 /* MobileShop */,
				08209C9B257169DF00FE51F5 /* MobileShopTests */,
				08209C83257169DB00FE51F5 /* Products */,
			);
			sourceTree = "<group>";
		};
		08209C83257169DB00FE51F5 /* Products */ = {
			isa = PBXGroup;
			children = (
				08209C82257169DB00FE51F5 /* MobileShop.app */,
				08209C98257169DF00FE51F5 /* MobileShopTests.xctest */,
			);
			name = Products;
			sourceTree = "<group>";
		};
		08209C84257169DB00FE51F5 /* MobileShop */ = {
			isa = PBXGroup;
			children = (
				08209CB825716A0D00FE51F5 /* Domain */,
				08209CB925716A1200FE51F5 /* Application */,
				08209CBA25716A1600FE51F5 /* Infrastructure */,
				08209C93257169DE00FE51F5 /* Info.plist */,
			);
			path = MobileShop;
			sourceTree = "<group>";
		};
		08209C9B257169DF00FE51F5 /* MobileShopTests */ = {
			isa = PBXGroup;
			children = (
				08209CC125716C6500FE51F5 /* Domain */,
				08209CC225716C6B00FE51F5 /* Application */,
				080B868F29BF71910083D0FA /* Infrastructure */,
				08209C9E257169DF00FE51F5 /* Info.plist */,
			);
			path = MobileShopTests;
			sourceTree = "<group>";
		};
		08209CB825716A0D00FE51F5 /* Domain */ = {
			isa = PBXGroup;
			children = (
				087AC87F257663FF006FF4E6 /* Product.swift */,
				087AC875257663DE006FF4E6 /* Discount.swift */,
				087AC87A257663EC006FF4E6 /* ProductCartItem.swift */,
				087AC87025766310006FF4E6 /* Cart.swift */,
				089CC10A25EBC1FA002963B9 /* CartRules.swift */,
			);
			path = Domain;
			sourceTree = "<group>";
		};
		08209CB925716A1200FE51F5 /* Application */ = {
			isa = PBXGroup;
			children = (
				0888AC1029BA8F3900E0E9F4 /* CompositionRoot */,
				08FDD95525AF155C00A5D0AE /* Launch */,
				08209CC525716C9500FE51F5 /* Cart */,
				083D8F5C2577D6F9006F9794 /* Payment */,
				08FDD95225AF141A00A5D0AE /* Common */,
			);
			path = Application;
			sourceTree = "<group>";
		};
		08209CBA25716A1600FE51F5 /* Infrastructure */ = {
			isa = PBXGroup;
			children = (
				083B88DA257ACF0C0073140C /* Swift */,
				08209CE825716F1600FE51F5 /* UIKit */,
			);
			path = Infrastructure;
			sourceTree = "<group>";
		};
		08209CC125716C6500FE51F5 /* Domain */ = {
			isa = PBXGroup;
			children = (
				083D8F602577D989006F9794 /* CartTests.swift */,
			);
			path = Domain;
			sourceTree = "<group>";
		};
		08209CC225716C6B00FE51F5 /* Application */ = {
			isa = PBXGroup;
			children = (
				080B868A29BF635D0083D0FA /* CompositionRoot */,
				08CE88E9257806D600BEE7EF /* Cart */,
				086BB776257E683E00249899 /* Payment */,
				088C64BE265AA8410039D8BF /* Common */,
			);
			path = Application;
			sourceTree = "<group>";
		};
		08209CC525716C9500FE51F5 /* Cart */ = {
			isa = PBXGroup;
			children = (
				087AC897257666D0006FF4E6 /* Services */,
				087AC8342575635B006FF4E6 /* Views */,
				088D502B25CB60A50073E046 /* Cart.storyboard */,
				08209C89257169DB00FE51F5 /* CartViewController.swift */,
				0877A06B2571B2BD00A69E02 /* CartPresenter.swift */,
				0878FF1725792F73007E037E /* CartCoordinator.swift */,
				0888AC1929BBE1F700E0E9F4 /* Cart.strings */,
			);
			path = Cart;
			sourceTree = "<group>";
		};
		08209CE825716F1600FE51F5 /* UIKit */ = {
			isa = PBXGroup;
			children = (
				087AC8432575646C006FF4E6 /* NibView.swift */,
				08209CE925716F1E00FE51F5 /* UIViewController+Extensions.swift */,
				083B88D2257ACED20073140C /* UIAlertController+Extensions.swift */,
				087AC85B25756BAE006FF4E6 /* UIView+LayoutConstraints.swift */,
				087AC86325765A49006FF4E6 /* UIScreen+Extensions.swift */,
				08FF95722581428D0095A408 /* UITableViewCell+Extensions.swift */,
			);
			path = UIKit;
			sourceTree = "<group>";
		};
		0839E6A5257A7B89006FB959 /* View */ = {
			isa = PBXGroup;
			children = (
				084AAA6D257E9EAB00DE7EE1 /* TitledView.swift */,
				0839E6A6257A7B9A006FB959 /* ViewOutputs.swift */,
				086BB750257E4C2200249899 /* AlertingView.swift */,
				086BB756257E4F5300249899 /* AlertingView+UIViewController.swift */,
				084AAA86257FEC2F00DE7EE1 /* LoadableView.swift */,
				084AAA90257FF55100DE7EE1 /* LoadableTableViewController.swift */,
			);
			path = View;
			sourceTree = "<group>";
		};
		083B88DA257ACF0C0073140C /* Swift */ = {
			isa = PBXGroup;
			children = (
				083B88D6257ACF090073140C /* Types.swift */,
			);
			path = Swift;
			sourceTree = "<group>";
		};
		083D8F5C2577D6F9006F9794 /* Payment */ = {
			isa = PBXGroup;
			children = (
				0878FF0D25792DDB007E037E /* Payment.storyboard */,
				0878FF0925792DCC007E037E /* PaymentViewController.swift */,
				0839E6A1257A7B05006FB959 /* PaymentPresenter.swift */,
				0878FF29257948D6007E037E /* PaymentCoordinator.swift */,
				0888AC1C29BBE1FF00E0E9F4 /* Payment.strings */,
				080B868529BF51B40083D0FA /* PaymentService.swift */,
				080B868729BF525E0083D0FA /* NullPaymentService.swift */,
			);
			path = Payment;
			sourceTree = "<group>";
		};
		084AAA51257E972500DE7EE1 /* Localization */ = {
			isa = PBXGroup;
			children = (
				0888AC1D29BBEB4000E0E9F4 /* Localizing.swift */,
				084AAA69257E9BCF00DE7EE1 /* NSLocalizer.swift */,
			);
			path = Localization;
			sourceTree = "<group>";
		};
		084AAA73257F922E00DE7EE1 /* Localization */ = {
			isa = PBXGroup;
			children = (
				084AAA74257F924700DE7EE1 /* LocalizerStub.swift */,
				084AAA82257FA1F800DE7EE1 /* LocalizerTests.swift */,
				0888AC1129BBE0F500E0E9F4 /* LocalizerTests.strings */,
			);
			path = Localization;
			sourceTree = "<group>";
		};
		086BB762257E5D6E00249899 /* Environment */ = {
			isa = PBXGroup;
			children = (
				086BB763257E5DC600249899 /* UnitTestingEnvironment.swift */,
			);
			path = Environment;
			sourceTree = "<group>";
		};
		086BB76B257E60BC00249899 /* Tracking */ = {
			isa = PBXGroup;
			children = (
				086BB76C257E60DB00249899 /* FirebaseAnalyticsServiceStub.swift */,
				086BB772257E61CA00249899 /* FacebookAnalyticsServiceStub.swift */,
			);
			path = Tracking;
			sourceTree = "<group>";
		};
		086BB776257E683E00249899 /* Payment */ = {
			isa = PBXGroup;
			children = (
				086BB777257E685D00249899 /* PaymentPresenterTests.swift */,
			);
			path = Payment;
			sourceTree = "<group>";
		};
		086BB77D257E6A8C00249899 /* View */ = {
			isa = PBXGroup;
			children = (
				086BB77E257E6AA100249899 /* AlertingViewSpy.swift */,
				080B869A29BFC4FD0083D0FA /* ViewOutputs+Extensions.swift */,
			);
			path = View;
			sourceTree = "<group>";
		};
		0878FF44257996C9007E037E /* Tracking */ = {
			isa = PBXGroup;
			children = (
				0878FF45257996D9007E037E /* SceneTracking.swift */,
				0878FF4B257A5327007E037E /* FirebaseAnalyticsService.swift */,
				08FF955125812BC00095A408 /* FirebaseTracker.swift */,
				083B88C8257A84240073140C /* FacebookAnalyticsService.swift */,
				08FF955525812BDE0095A408 /* FacebookTracker.swift */,
				083B88CC257A87720073140C /* CompositeTracker.swift */,
			);
			path = Tracking;
			sourceTree = "<group>";
		};
		087AC8342575635B006FF4E6 /* Views */ = {
			isa = PBXGroup;
			children = (
				087AC83D257563DE006FF4E6 /* CartItemView.xib */,
				087AC83525756391006FF4E6 /* CartItemView.swift */,
				087AC85625756B76006FF4E6 /* CartItemTableViewCell.swift */,
			);
			path = Views;
			sourceTree = "<group>";
		};
		087AC897257666D0006FF4E6 /* Services */ = {
			isa = PBXGroup;
			children = (
				087AC868257662E6006FF4E6 /* CartLoading.swift */,
				08137857257A626300FFE4AE /* CartRemoteService.swift */,
				087AC88F257666AB006FF4E6 /* CartRemoteStore.swift */,
				087AC8A02576677B006FF4E6 /* ProductsRemoteStore.swift */,
				0878FEFF25792B0C007E037E /* DiscountsRemoteStore.swift */,
				08CE88F625790D1600BEE7EF /* fake-api.json */,
			);
			path = Services;
			sourceTree = "<group>";
		};
		0888AC1029BA8F3900E0E9F4 /* CompositionRoot */ = {
			isa = PBXGroup;
			children = (
				08209C85257169DB00FE51F5 /* AppDelegate.swift */,
				08209C87257169DB00FE51F5 /* SceneDelegate.swift */,
				08209CC925716CFA00FE51F5 /* AppCoordinator.swift */,
				08209CD425716D5700FE51F5 /* CartComposer.swift */,
				0878FF1125792E50007E037E /* PaymentComposer.swift */,
				080B868129BF4FB00083D0FA /* Analytics */,
			);
			path = CompositionRoot;
			sourceTree = "<group>";
		};
		088C64BE265AA8410039D8BF /* Common */ = {
			isa = PBXGroup;
			children = (
				086BB76B257E60BC00249899 /* Tracking */,
				086BB77D257E6A8C00249899 /* View */,
				084AAA73257F922E00DE7EE1 /* Localization */,
			);
			path = Common;
			sourceTree = "<group>";
		};
		08CE88E9257806D600BEE7EF /* Cart */ = {
			isa = PBXGroup;
			children = (
				0878FF30257979EA007E037E /* CartRemoteServiceTests.swift */,
				0878FF3C25798CBD007E037E /* CartPresenterTests.swift */,
			);
			path = Cart;
			sourceTree = "<group>";
		};
		08CE88FD25791F4000BEE7EF /* MobileShopAPI */ = {
			isa = PBXGroup;
			children = (
				0878FEEB2579246E007E037E /* MobileShopAPIClient.swift */,
				0878FEEF257924B9007E037E /* URLSessionMobileShopAPIClient.swift */,
				0878FEF325792592007E037E /* MobileShopRemoteStore.swift */,
			);
			path = MobileShopAPI;
			sourceTree = "<group>";
		};
		08FDD95225AF141A00A5D0AE /* Common */ = {
			isa = PBXGroup;
			children = (
				0888AC0E29BA37AF00E0E9F4 /* WeakReferenceProxy.swift */,
				08CE88FD25791F4000BEE7EF /* MobileShopAPI */,
				0878FF44257996C9007E037E /* Tracking */,
				0839E6A5257A7B89006FB959 /* View */,
				084AAA51257E972500DE7EE1 /* Localization */,
				086BB762257E5D6E00249899 /* Environment */,
				08209C8E257169DE00FE51F5 /* Assets.xcassets */,
			);
			path = Common;
			sourceTree = "<group>";
		};
		08FDD95525AF155C00A5D0AE /* Launch */ = {
			isa = PBXGroup;
			children = (
				08209C90257169DE00FE51F5 /* LaunchScreen.storyboard */,
			);
			path = Launch;
			sourceTree = "<group>";
		};
/* End PBXGroup section */

/* Begin PBXNativeTarget section */
		08209C81257169DB00FE51F5 /* MobileShop */ = {
			isa = PBXNativeTarget;
			buildConfigurationList = 08209CAC257169DF00FE51F5 /* Build configuration list for PBXNativeTarget "MobileShop" */;
			buildPhases = (
				08209C7E257169DB00FE51F5 /* Sources */,
				08209C7F257169DB00FE51F5 /* Frameworks */,
				08209C80257169DB00FE51F5 /* Resources */,
			);
			buildRules = (
			);
			dependencies = (
			);
			name = MobileShop;
			packageProductDependencies = (
				089C72E2299CDDD000986B97 /* FirebaseAnalyticsWithoutAdIdSupport */,
				089C72E5299CDE6C00986B97 /* FacebookCore */,
			);
			productName = MobileShop;
			productReference = 08209C82257169DB00FE51F5 /* MobileShop.app */;
			productType = "com.apple.product-type.application";
		};
		08209C97257169DF00FE51F5 /* MobileShopTests */ = {
			isa = PBXNativeTarget;
			buildConfigurationList = 08209CAF257169DF00FE51F5 /* Build configuration list for PBXNativeTarget "MobileShopTests" */;
			buildPhases = (
				08209C94257169DF00FE51F5 /* Sources */,
				08209C95257169DF00FE51F5 /* Frameworks */,
				08209C96257169DF00FE51F5 /* Resources */,
			);
			buildRules = (
			);
			dependencies = (
				08209C9A257169DF00FE51F5 /* PBXTargetDependency */,
			);
			name = MobileShopTests;
			productName = MobileShopTests;
			productReference = 08209C98257169DF00FE51F5 /* MobileShopTests.xctest */;
			productType = "com.apple.product-type.bundle.unit-test";
		};
/* End PBXNativeTarget section */

/* Begin PBXProject section */
		08209C7A257169DB00FE51F5 /* Project object */ = {
			isa = PBXProject;
			attributes = {
				LastSwiftUpdateCheck = 1220;
				LastUpgradeCheck = 1220;
				TargetAttributes = {
					08209C81257169DB00FE51F5 = {
						CreatedOnToolsVersion = 12.2;
					};
					08209C97257169DF00FE51F5 = {
						CreatedOnToolsVersion = 12.2;
						TestTargetID = 08209C81257169DB00FE51F5;
					};
				};
			};
			buildConfigurationList = 08209C7D257169DB00FE51F5 /* Build configuration list for PBXProject "MobileShop" */;
			compatibilityVersion = "Xcode 9.3";
			developmentRegion = en;
			hasScannedForEncodings = 0;
			knownRegions = (
				en,
				Base,
			);
			mainGroup = 08209C79257169DB00FE51F5;
			packageReferences = (
				089C72E1299CDDD000986B97 /* XCRemoteSwiftPackageReference "firebase-ios-sdk" */,
				089C72E4299CDE6C00986B97 /* XCRemoteSwiftPackageReference "facebook-ios-sdk" */,
			);
			productRefGroup = 08209C83257169DB00FE51F5 /* Products */;
			projectDirPath = "";
			projectRoot = "";
			targets = (
				08209C81257169DB00FE51F5 /* MobileShop */,
				08209C97257169DF00FE51F5 /* MobileShopTests */,
			);
		};
/* End PBXProject section */

/* Begin PBXResourcesBuildPhase section */
		08209C80257169DB00FE51F5 /* Resources */ = {
			isa = PBXResourcesBuildPhase;
			buildActionMask = 2147483647;
			files = (
				08209C92257169DE00FE51F5 /* LaunchScreen.storyboard in Resources */,
				0888AC1729BBE1F700E0E9F4 /* Cart.strings in Resources */,
				08209C8F257169DE00FE51F5 /* Assets.xcassets in Resources */,
				087AC83E257563DE006FF4E6 /* CartItemView.xib in Resources */,
				0878FF0E25792DDB007E037E /* Payment.storyboard in Resources */,
				0888AC1A29BBE1FF00E0E9F4 /* Payment.strings in Resources */,
				08CE88F725790D1600BEE7EF /* fake-api.json in Resources */,
				088D502C25CB60A50073E046 /* Cart.storyboard in Resources */,
			);
			runOnlyForDeploymentPostprocessing = 0;
		};
		08209C96257169DF00FE51F5 /* Resources */ = {
			isa = PBXResourcesBuildPhase;
			buildActionMask = 2147483647;
			files = (
				0888AC1229BBE0F500E0E9F4 /* LocalizerTests.strings in Resources */,
			);
			runOnlyForDeploymentPostprocessing = 0;
		};
/* End PBXResourcesBuildPhase section */

/* Begin PBXSourcesBuildPhase section */
		08209C7E257169DB00FE51F5 /* Sources */ = {
			isa = PBXSourcesBuildPhase;
			buildActionMask = 2147483647;
			files = (
				0878FEF0257924B9007E037E /* URLSessionMobileShopAPIClient.swift in Sources */,
				083B88D3257ACED20073140C /* UIAlertController+Extensions.swift in Sources */,
				0888AC0F29BA37AF00E0E9F4 /* WeakReferenceProxy.swift in Sources */,
				0839E6A7257A7B9A006FB959 /* ViewOutputs.swift in Sources */,
				080B868929BF5F730083D0FA /* PaymentSceneAnalyticsDecorators.swift in Sources */,
				0878FF0025792B0C007E037E /* DiscountsRemoteStore.swift in Sources */,
				08FF955625812BDE0095A408 /* FacebookTracker.swift in Sources */,
				08209CCA25716CFA00FE51F5 /* AppCoordinator.swift in Sources */,
				0878FF1825792F73007E037E /* CartCoordinator.swift in Sources */,
				087AC85725756B76006FF4E6 /* CartItemTableViewCell.swift in Sources */,
				0878FF0A25792DCC007E037E /* PaymentViewController.swift in Sources */,
				08FF95732581428D0095A408 /* UITableViewCell+Extensions.swift in Sources */,
				080B86A029BFCB010083D0FA /* CartSceneAnalyticsDecorators.swift in Sources */,
				087AC876257663DE006FF4E6 /* Discount.swift in Sources */,
				080B868829BF525E0083D0FA /* NullPaymentService.swift in Sources */,
				0878FEEC2579246E007E037E /* MobileShopAPIClient.swift in Sources */,
				087AC83625756391006FF4E6 /* CartItemView.swift in Sources */,
				0878FF4C257A5327007E037E /* FirebaseAnalyticsService.swift in Sources */,
				08209CD525716D5700FE51F5 /* CartComposer.swift in Sources */,
				087AC8A12576677B006FF4E6 /* ProductsRemoteStore.swift in Sources */,
				087AC8442575646C006FF4E6 /* NibView.swift in Sources */,
				089CC10B25EBC1FA002963B9 /* CartRules.swift in Sources */,
				08209CEA25716F1E00FE51F5 /* UIViewController+Extensions.swift in Sources */,
				087AC87125766310006FF4E6 /* Cart.swift in Sources */,
				08209C8A257169DB00FE51F5 /* CartViewController.swift in Sources */,
				084AAA6E257E9EAB00DE7EE1 /* TitledView.swift in Sources */,
				0877A06C2571B2BD00A69E02 /* CartPresenter.swift in Sources */,
				083B88D7257ACF090073140C /* Types.swift in Sources */,
				086BB751257E4C2200249899 /* AlertingView.swift in Sources */,
				083B88C9257A84240073140C /* FacebookAnalyticsService.swift in Sources */,
				080B868629BF51B40083D0FA /* PaymentService.swift in Sources */,
				087AC890257666AB006FF4E6 /* CartRemoteStore.swift in Sources */,
				0878FF1225792E50007E037E /* PaymentComposer.swift in Sources */,
				087AC880257663FF006FF4E6 /* Product.swift in Sources */,
				087AC869257662E6006FF4E6 /* CartLoading.swift in Sources */,
				0878FF2A257948D6007E037E /* PaymentCoordinator.swift in Sources */,
				087AC86425765A49006FF4E6 /* UIScreen+Extensions.swift in Sources */,
				08137858257A626300FFE4AE /* CartRemoteService.swift in Sources */,
				08209C86257169DB00FE51F5 /* AppDelegate.swift in Sources */,
				08209C88257169DB00FE51F5 /* SceneDelegate.swift in Sources */,
				0888AC1E29BBEB4000E0E9F4 /* Localizing.swift in Sources */,
				084AAA91257FF55100DE7EE1 /* LoadableTableViewController.swift in Sources */,
				08FF955225812BC00095A408 /* FirebaseTracker.swift in Sources */,
				086BB764257E5DC600249899 /* UnitTestingEnvironment.swift in Sources */,
				087AC87B257663EC006FF4E6 /* ProductCartItem.swift in Sources */,
				0839E6A2257A7B05006FB959 /* PaymentPresenter.swift in Sources */,
				087AC85C25756BAE006FF4E6 /* UIView+LayoutConstraints.swift in Sources */,
				086BB757257E4F5400249899 /* AlertingView+UIViewController.swift in Sources */,
				0878FEF425792592007E037E /* MobileShopRemoteStore.swift in Sources */,
				084AAA6A257E9BCF00DE7EE1 /* NSLocalizer.swift in Sources */,
				084AAA87257FEC2F00DE7EE1 /* LoadableView.swift in Sources */,
				0878FF46257996D9007E037E /* SceneTracking.swift in Sources */,
				083B88CD257A87720073140C /* CompositeTracker.swift in Sources */,
			);
			runOnlyForDeploymentPostprocessing = 0;
		};
		08209C94257169DF00FE51F5 /* Sources */ = {
			isa = PBXSourcesBuildPhase;
			buildActionMask = 2147483647;
			files = (
				086BB773257E61CA00249899 /* FacebookAnalyticsServiceStub.swift in Sources */,
				080B869429BF71C70083D0FA /* UIButton+Extensions.swift in Sources */,
				084AAA75257F924700DE7EE1 /* LocalizerStub.swift in Sources */,
				080B869B29BFC4FD0083D0FA /* ViewOutputs+Extensions.swift in Sources */,
				080B868E29BF63E50083D0FA /* PaymentSceneAnalyticsTests.swift in Sources */,
				086BB778257E685D00249899 /* PaymentPresenterTests.swift in Sources */,
				084AAA83257FA1F800DE7EE1 /* LocalizerTests.swift in Sources */,
				086BB76D257E60DB00249899 /* FirebaseAnalyticsServiceStub.swift in Sources */,
				080B869829BFC3F20083D0FA /* CartSceneAnalyticsTests.swift in Sources */,
				0878FF3D25798CBD007E037E /* CartPresenterTests.swift in Sources */,
				080B869229BF71B30083D0FA /* UIControl+Extensions.swift in Sources */,
				086BB77F257E6AA100249899 /* AlertingViewSpy.swift in Sources */,
				083D8F612577D989006F9794 /* CartTests.swift in Sources */,
				0878FF31257979EA007E037E /* CartRemoteServiceTests.swift in Sources */,
			);
			runOnlyForDeploymentPostprocessing = 0;
		};
/* End PBXSourcesBuildPhase section */

/* Begin PBXTargetDependency section */
		08209C9A257169DF00FE51F5 /* PBXTargetDependency */ = {
			isa = PBXTargetDependency;
			target = 08209C81257169DB00FE51F5 /* MobileShop */;
			targetProxy = 08209C99257169DF00FE51F5 /* PBXContainerItemProxy */;
		};
/* End PBXTargetDependency section */

/* Begin PBXVariantGroup section */
		08209C90257169DE00FE51F5 /* LaunchScreen.storyboard */ = {
			isa = PBXVariantGroup;
			children = (
				08209C91257169DE00FE51F5 /* Base */,
			);
			name = LaunchScreen.storyboard;
			sourceTree = "<group>";
		};
		0888AC1929BBE1F700E0E9F4 /* Cart.strings */ = {
			isa = PBXVariantGroup;
			children = (
				0888AC1829BBE1F700E0E9F4 /* en */,
			);
			name = Cart.strings;
			sourceTree = "<group>";
		};
		0888AC1C29BBE1FF00E0E9F4 /* Payment.strings */ = {
			isa = PBXVariantGroup;
			children = (
				0888AC1B29BBE1FF00E0E9F4 /* en */,
			);
			name = Payment.strings;
			sourceTree = "<group>";
		};
/* End PBXVariantGroup section */

/* Begin XCBuildConfiguration section */
		08209CAA257169DF00FE51F5 /* Debug */ = {
			isa = XCBuildConfiguration;
			buildSettings = {
				ALWAYS_SEARCH_USER_PATHS = NO;
				CLANG_ANALYZER_NONNULL = YES;
				CLANG_ANALYZER_NUMBER_OBJECT_CONVERSION = YES_AGGRESSIVE;
				CLANG_CXX_LANGUAGE_STANDARD = "gnu++14";
				CLANG_CXX_LIBRARY = "libc++";
				CLANG_ENABLE_MODULES = YES;
				CLANG_ENABLE_OBJC_ARC = YES;
				CLANG_ENABLE_OBJC_WEAK = YES;
				CLANG_WARN_BLOCK_CAPTURE_AUTORELEASING = YES;
				CLANG_WARN_BOOL_CONVERSION = YES;
				CLANG_WARN_COMMA = YES;
				CLANG_WARN_CONSTANT_CONVERSION = YES;
				CLANG_WARN_DEPRECATED_OBJC_IMPLEMENTATIONS = YES;
				CLANG_WARN_DIRECT_OBJC_ISA_USAGE = YES_ERROR;
				CLANG_WARN_DOCUMENTATION_COMMENTS = YES;
				CLANG_WARN_EMPTY_BODY = YES;
				CLANG_WARN_ENUM_CONVERSION = YES;
				CLANG_WARN_INFINITE_RECURSION = YES;
				CLANG_WARN_INT_CONVERSION = YES;
				CLANG_WARN_NON_LITERAL_NULL_CONVERSION = YES;
				CLANG_WARN_OBJC_IMPLICIT_RETAIN_SELF = YES;
				CLANG_WARN_OBJC_LITERAL_CONVERSION = YES;
				CLANG_WARN_OBJC_ROOT_CLASS = YES_ERROR;
				CLANG_WARN_QUOTED_INCLUDE_IN_FRAMEWORK_HEADER = YES;
				CLANG_WARN_RANGE_LOOP_ANALYSIS = YES;
				CLANG_WARN_STRICT_PROTOTYPES = YES;
				CLANG_WARN_SUSPICIOUS_MOVE = YES;
				CLANG_WARN_UNGUARDED_AVAILABILITY = YES_AGGRESSIVE;
				CLANG_WARN_UNREACHABLE_CODE = YES;
				CLANG_WARN__DUPLICATE_METHOD_MATCH = YES;
				COPY_PHASE_STRIP = NO;
				DEBUG_INFORMATION_FORMAT = dwarf;
				ENABLE_STRICT_OBJC_MSGSEND = YES;
				ENABLE_TESTABILITY = YES;
				GCC_C_LANGUAGE_STANDARD = gnu11;
				GCC_DYNAMIC_NO_PIC = NO;
				GCC_NO_COMMON_BLOCKS = YES;
				GCC_OPTIMIZATION_LEVEL = 0;
				GCC_PREPROCESSOR_DEFINITIONS = (
					"DEBUG=1",
					"$(inherited)",
				);
				GCC_WARN_64_TO_32_BIT_CONVERSION = YES;
				GCC_WARN_ABOUT_RETURN_TYPE = YES_ERROR;
				GCC_WARN_UNDECLARED_SELECTOR = YES;
				GCC_WARN_UNINITIALIZED_AUTOS = YES_AGGRESSIVE;
				GCC_WARN_UNUSED_FUNCTION = YES;
				GCC_WARN_UNUSED_VARIABLE = YES;
				IPHONEOS_DEPLOYMENT_TARGET = 14.2;
				MTL_ENABLE_DEBUG_INFO = INCLUDE_SOURCE;
				MTL_FAST_MATH = YES;
				ONLY_ACTIVE_ARCH = YES;
				SDKROOT = iphoneos;
				SWIFT_ACTIVE_COMPILATION_CONDITIONS = DEBUG;
				SWIFT_OPTIMIZATION_LEVEL = "-Onone";
			};
			name = Debug;
		};
		08209CAB257169DF00FE51F5 /* Release */ = {
			isa = XCBuildConfiguration;
			buildSettings = {
				ALWAYS_SEARCH_USER_PATHS = NO;
				CLANG_ANALYZER_NONNULL = YES;
				CLANG_ANALYZER_NUMBER_OBJECT_CONVERSION = YES_AGGRESSIVE;
				CLANG_CXX_LANGUAGE_STANDARD = "gnu++14";
				CLANG_CXX_LIBRARY = "libc++";
				CLANG_ENABLE_MODULES = YES;
				CLANG_ENABLE_OBJC_ARC = YES;
				CLANG_ENABLE_OBJC_WEAK = YES;
				CLANG_WARN_BLOCK_CAPTURE_AUTORELEASING = YES;
				CLANG_WARN_BOOL_CONVERSION = YES;
				CLANG_WARN_COMMA = YES;
				CLANG_WARN_CONSTANT_CONVERSION = YES;
				CLANG_WARN_DEPRECATED_OBJC_IMPLEMENTATIONS = YES;
				CLANG_WARN_DIRECT_OBJC_ISA_USAGE = YES_ERROR;
				CLANG_WARN_DOCUMENTATION_COMMENTS = YES;
				CLANG_WARN_EMPTY_BODY = YES;
				CLANG_WARN_ENUM_CONVERSION = YES;
				CLANG_WARN_INFINITE_RECURSION = YES;
				CLANG_WARN_INT_CONVERSION = YES;
				CLANG_WARN_NON_LITERAL_NULL_CONVERSION = YES;
				CLANG_WARN_OBJC_IMPLICIT_RETAIN_SELF = YES;
				CLANG_WARN_OBJC_LITERAL_CONVERSION = YES;
				CLANG_WARN_OBJC_ROOT_CLASS = YES_ERROR;
				CLANG_WARN_QUOTED_INCLUDE_IN_FRAMEWORK_HEADER = YES;
				CLANG_WARN_RANGE_LOOP_ANALYSIS = YES;
				CLANG_WARN_STRICT_PROTOTYPES = YES;
				CLANG_WARN_SUSPICIOUS_MOVE = YES;
				CLANG_WARN_UNGUARDED_AVAILABILITY = YES_AGGRESSIVE;
				CLANG_WARN_UNREACHABLE_CODE = YES;
				CLANG_WARN__DUPLICATE_METHOD_MATCH = YES;
				COPY_PHASE_STRIP = NO;
				DEBUG_INFORMATION_FORMAT = "dwarf-with-dsym";
				ENABLE_NS_ASSERTIONS = NO;
				ENABLE_STRICT_OBJC_MSGSEND = YES;
				GCC_C_LANGUAGE_STANDARD = gnu11;
				GCC_NO_COMMON_BLOCKS = YES;
				GCC_WARN_64_TO_32_BIT_CONVERSION = YES;
				GCC_WARN_ABOUT_RETURN_TYPE = YES_ERROR;
				GCC_WARN_UNDECLARED_SELECTOR = YES;
				GCC_WARN_UNINITIALIZED_AUTOS = YES_AGGRESSIVE;
				GCC_WARN_UNUSED_FUNCTION = YES;
				GCC_WARN_UNUSED_VARIABLE = YES;
				IPHONEOS_DEPLOYMENT_TARGET = 14.2;
				MTL_ENABLE_DEBUG_INFO = NO;
				MTL_FAST_MATH = YES;
				SDKROOT = iphoneos;
				SWIFT_COMPILATION_MODE = wholemodule;
				SWIFT_OPTIMIZATION_LEVEL = "-O";
				VALIDATE_PRODUCT = YES;
			};
			name = Release;
		};
		08209CAD257169DF00FE51F5 /* Debug */ = {
			isa = XCBuildConfiguration;
			buildSettings = {
				ASSETCATALOG_COMPILER_APPICON_NAME = AppIcon;
				ASSETCATALOG_COMPILER_GLOBAL_ACCENT_COLOR_NAME = AccentColor;
				CODE_SIGN_STYLE = Automatic;
				DEVELOPMENT_TEAM = 65K644WYY2;
				INFOPLIST_FILE = MobileShop/Info.plist;
				LD_RUNPATH_SEARCH_PATHS = (
					"$(inherited)",
					"@executable_path/Frameworks",
				);
				PRODUCT_BUNDLE_IDENTIFIER = com.srdanstanic.MobileShop;
				PRODUCT_NAME = "$(TARGET_NAME)";
				SWIFT_VERSION = 5.0;
				TARGETED_DEVICE_FAMILY = "1,2";
			};
			name = Debug;
		};
		08209CAE257169DF00FE51F5 /* Release */ = {
			isa = XCBuildConfiguration;
			buildSettings = {
				ASSETCATALOG_COMPILER_APPICON_NAME = AppIcon;
				ASSETCATALOG_COMPILER_GLOBAL_ACCENT_COLOR_NAME = AccentColor;
				CODE_SIGN_STYLE = Automatic;
				DEVELOPMENT_TEAM = 65K644WYY2;
				INFOPLIST_FILE = MobileShop/Info.plist;
				LD_RUNPATH_SEARCH_PATHS = (
					"$(inherited)",
					"@executable_path/Frameworks",
				);
				PRODUCT_BUNDLE_IDENTIFIER = com.srdanstanic.MobileShop;
				PRODUCT_NAME = "$(TARGET_NAME)";
				SWIFT_VERSION = 5.0;
				TARGETED_DEVICE_FAMILY = "1,2";
			};
			name = Release;
		};
		08209CB0257169DF00FE51F5 /* Debug */ = {
			isa = XCBuildConfiguration;
			buildSettings = {
				ALWAYS_EMBED_SWIFT_STANDARD_LIBRARIES = YES;
				BUNDLE_LOADER = "$(TEST_HOST)";
				CODE_SIGN_STYLE = Automatic;
				DEVELOPMENT_TEAM = 65K644WYY2;
				INFOPLIST_FILE = MobileShopTests/Info.plist;
				IPHONEOS_DEPLOYMENT_TARGET = 14.2;
				LD_RUNPATH_SEARCH_PATHS = (
					"$(inherited)",
					"@executable_path/Frameworks",
					"@loader_path/Frameworks",
				);
				PRODUCT_BUNDLE_IDENTIFIER = com.srdanstanic.MobileShopTests;
				PRODUCT_NAME = "$(TARGET_NAME)";
				SWIFT_VERSION = 5.0;
				TARGETED_DEVICE_FAMILY = "1,2";
				TEST_HOST = "$(BUILT_PRODUCTS_DIR)/MobileShop.app/MobileShop";
			};
			name = Debug;
		};
		08209CB1257169DF00FE51F5 /* Release */ = {
			isa = XCBuildConfiguration;
			buildSettings = {
				ALWAYS_EMBED_SWIFT_STANDARD_LIBRARIES = YES;
				BUNDLE_LOADER = "$(TEST_HOST)";
				CODE_SIGN_STYLE = Automatic;
				DEVELOPMENT_TEAM = 65K644WYY2;
				INFOPLIST_FILE = MobileShopTests/Info.plist;
				IPHONEOS_DEPLOYMENT_TARGET = 14.2;
				LD_RUNPATH_SEARCH_PATHS = (
					"$(inherited)",
					"@executable_path/Frameworks",
					"@loader_path/Frameworks",
				);
				PRODUCT_BUNDLE_IDENTIFIER = com.srdanstanic.MobileShopTests;
				PRODUCT_NAME = "$(TARGET_NAME)";
				SWIFT_VERSION = 5.0;
				TARGETED_DEVICE_FAMILY = "1,2";
				TEST_HOST = "$(BUILT_PRODUCTS_DIR)/MobileShop.app/MobileShop";
			};
			name = Release;
		};
/* End XCBuildConfiguration section */

/* Begin XCConfigurationList section */
		08209C7D257169DB00FE51F5 /* Build configuration list for PBXProject "MobileShop" */ = {
			isa = XCConfigurationList;
			buildConfigurations = (
				08209CAA257169DF00FE51F5 /* Debug */,
				08209CAB257169DF00FE51F5 /* Release */,
			);
			defaultConfigurationIsVisible = 0;
			defaultConfigurationName = Release;
		};
		08209CAC257169DF00FE51F5 /* Build configuration list for PBXNativeTarget "MobileShop" */ = {
			isa = XCConfigurationList;
			buildConfigurations = (
				08209CAD257169DF00FE51F5 /* Debug */,
				08209CAE257169DF00FE51F5 /* Release */,
			);
			defaultConfigurationIsVisible = 0;
			defaultConfigurationName = Release;
		};
		08209CAF257169DF00FE51F5 /* Build configuration list for PBXNativeTarget "MobileShopTests" */ = {
			isa = XCConfigurationList;
			buildConfigurations = (
				08209CB0257169DF00FE51F5 /* Debug */,
				08209CB1257169DF00FE51F5 /* Release */,
			);
			defaultConfigurationIsVisible = 0;
			defaultConfigurationName = Release;
		};
/* End XCConfigurationList section */

/* Begin XCRemoteSwiftPackageReference section */
		089C72E1299CDDD000986B97 /* XCRemoteSwiftPackageReference "firebase-ios-sdk" */ = {
			isa = XCRemoteSwiftPackageReference;
			repositoryURL = "https://github.com/firebase/firebase-ios-sdk";
			requirement = {
				branch = master;
				kind = branch;
			};
		};
		089C72E4299CDE6C00986B97 /* XCRemoteSwiftPackageReference "facebook-ios-sdk" */ = {
			isa = XCRemoteSwiftPackageReference;
			repositoryURL = "https://github.com/facebook/facebook-ios-sdk";
			requirement = {
				kind = upToNextMajorVersion;
				minimumVersion = 9.0.0;
			};
		};
/* End XCRemoteSwiftPackageReference section */

/* Begin XCSwiftPackageProductDependency section */
		089C72E2299CDDD000986B97 /* FirebaseAnalyticsWithoutAdIdSupport */ = {
			isa = XCSwiftPackageProductDependency;
			package = 089C72E1299CDDD000986B97 /* XCRemoteSwiftPackageReference "firebase-ios-sdk" */;
			productName = FirebaseAnalyticsWithoutAdIdSupport;
		};
		089C72E5299CDE6C00986B97 /* FacebookCore */ = {
			isa = XCSwiftPackageProductDependency;
			package = 089C72E4299CDE6C00986B97 /* XCRemoteSwiftPackageReference "facebook-ios-sdk" */;
			productName = FacebookCore;
		};
/* End XCSwiftPackageProductDependency section */
	};
	rootObject = 08209C7A257169DB00FE51F5 /* Project object */;
}
